# This file is automatically @generated by Poetry 1.8.2 and should not be changed by hand.

[[package]]
name = "token-utils"
version = "0.1.8"
description = "Small utility to work with Python tokens"
optional = false
python-versions = ">=3.6"
files = [
    {file = "token-utils-0.1.8.tar.gz", hash = "sha256:7f4e2ff973822ce1e1829ba70e17d00b315a570c5be625b01a3f361933c2f86a"},
    {file = "token_utils-0.1.8-py3-none-any.whl", hash = "sha256:8bdca11ae8aacab3e47dacbb21165c2d118167d2a0a59b93e61aa8af03f62481"},
]

[metadata]
lock-version = "2.0"
python-versions = "^3.10"
content-hash = "1dcab677a9a6b2869d67f8b4616e10fde594d59019bd598ea3e7a8a5e37c49df"
